
Microsoft Visual Studio Solution File, Format Version 12.00
# Visual Studio Version 16
VisualStudioVersion = 16.0.31019.35
MinimumVisualStudioVersion = 10.0.40219.1
Project("{9A19103F-16F7-4668-BE54-9A1E7A4F7556}") = "Flow.Launcher.Plugin.SpotifyPremium", "Flow.Launcher.Plugin.SpotifyPremium.csproj", "{AB274FDE-70AA-4E97-855E-D3111098CB05}"
EndProject
Global
	GlobalSection(SolutionConfigurationPlatforms) = preSolution
		Debug|Any CPU = Debug|Any CPU
		Release|Any CPU = Release|Any CPU
	EndGlobalSection
	GlobalSection(ProjectConfigurationPlatforms) = postSolution
		{AB274FDE-70AA-4E97-855E-D3111098CB05}.Debug|Any CPU.ActiveCfg = Debug|Any CPU
		{AB274FDE-70AA-4E97-855E-D3111098CB05}.Debug|Any CPU.Build.0 = Debug|Any CPU
		{AB274FDE-70AA-4E97-855E-D3111098CB05}.Release|Any CPU.ActiveCfg = Release|Any CPU
		{AB274FDE-70AA-4E97-855E-D3111098CB05}.Release|Any CPU.Build.0 = Release|Any CPU
	EndGlobalSection
	GlobalSection(SolutionProperties) = preSolution
		HideSolutionNode = FALSE
	EndGlobalSection
	GlobalSection(ExtensibilityGlobals) = postSolution
		SolutionGuid = {3403535E-AD2D-41C9-8565-F2FEDA7B84F4}
	EndGlobalSection
EndGlobal
