
Microsoft Visual Studio Solution File, Format Version 12.00
# Visual Studio 15
VisualStudioVersion = 15.0.28307.136
MinimumVisualStudioVersion = 10.0.40219.1
Project("{FAE04EC0-301F-11D3-BF4B-00C04F79EFBC}") = "Wox.Plugin.Spotify", "Wox.Plugin.Spotify.csproj", "{F24B7F9C-9201-426A-8427-40C02F13F62C}"
EndProject
Global
	GlobalSection(SolutionConfigurationPlatforms) = preSolution
		Debug|Any CPU = Debug|Any CPU
		Release|Any CPU = Release|Any CPU
	EndGlobalSection
	GlobalSection(ProjectConfigurationPlatforms) = postSolution
		{F24B7F9C-9201-426A-8427-40C02F13F62C}.Debug|Any CPU.ActiveCfg = Debug|Any CPU
		{F24B7F9C-9201-426A-8427-40C02F13F62C}.Debug|Any CPU.Build.0 = Debug|Any CPU
		{F24B7F9C-9201-426A-8427-40C02F13F62C}.Release|Any CPU.ActiveCfg = Release|Any CPU
		{F24B7F9C-9201-426A-8427-40C02F13F62C}.Release|Any CPU.Build.0 = Release|Any CPU
	EndGlobalSection
	GlobalSection(SolutionProperties) = preSolution
		HideSolutionNode = FALSE
	EndGlobalSection
	GlobalSection(ExtensibilityGlobals) = postSolution
		SolutionGuid = {49F58C76-B2EF-47A4-B4F8-49039328DA00}
	EndGlobalSection
EndGlobal
